
Microsoft Visual Studio Solution File, Format Version 12.00
# Visual Studio Version 17
VisualStudioVersion = 17.0.31903.59
MinimumVisualStudioVersion = 10.0.40219.1
Project("{FAE04EC0-301F-11D3-BF4B-00C04F79EFBC}") = "OPP_BT1", "OPP_BT1\OPP_BT1.csproj", "{448E9598-922C-467E-BADF-395EE31EDFE2}"
EndProject
Global
	GlobalSection(SolutionConfigurationPlatforms) = preSolution
		Debug|Any CPU = Debug|Any CPU
		Release|Any CPU = Release|Any CPU
	EndGlobalSection
	GlobalSection(ProjectConfigurationPlatforms) = postSolution
		{448E9598-922C-467E-BADF-395EE31EDFE2}.Debug|Any CPU.ActiveCfg = Debug|Any CPU
		{448E9598-922C-467E-BADF-395EE31EDFE2}.Debug|Any CPU.Build.0 = Debug|Any CPU
		{448E9598-922C-467E-BADF-395EE31EDFE2}.Release|Any CPU.ActiveCfg = Release|Any CPU
		{448E9598-922C-467E-BADF-395EE31EDFE2}.Release|Any CPU.Build.0 = Release|Any CPU
	EndGlobalSection
	GlobalSection(SolutionProperties) = preSolution
		HideSolutionNode = FALSE
	EndGlobalSection
	GlobalSection(ExtensibilityGlobals) = postSolution
		SolutionGuid = {82F47D1B-6734-475F-BA0A-F4FEA2291318}
	EndGlobalSection
EndGlobal
