
Microsoft Visual Studio Solution File, Format Version 12.00
# Visual Studio Version 17
VisualStudioVersion = 17.0.31903.59
MinimumVisualStudioVersion = 10.0.40219.1
Project("{FAE04EC0-301F-11D3-BF4B-00C04F79EFBC}") = "OPP_BT12", "OPP_BT12\OPP_BT12.csproj", "{0B0D746B-0D19-4D65-A866-DFF4E720889E}"
EndProject
Global
	GlobalSection(SolutionConfigurationPlatforms) = preSolution
		Debug|Any CPU = Debug|Any CPU
		Release|Any CPU = Release|Any CPU
	EndGlobalSection
	GlobalSection(ProjectConfigurationPlatforms) = postSolution
		{0B0D746B-0D19-4D65-A866-DFF4E720889E}.Debug|Any CPU.ActiveCfg = Debug|Any CPU
		{0B0D746B-0D19-4D65-A866-DFF4E720889E}.Debug|Any CPU.Build.0 = Debug|Any CPU
		{0B0D746B-0D19-4D65-A866-DFF4E720889E}.Release|Any CPU.ActiveCfg = Release|Any CPU
		{0B0D746B-0D19-4D65-A866-DFF4E720889E}.Release|Any CPU.Build.0 = Release|Any CPU
	EndGlobalSection
	GlobalSection(SolutionProperties) = preSolution
		HideSolutionNode = FALSE
	EndGlobalSection
	GlobalSection(ExtensibilityGlobals) = postSolution
		SolutionGuid = {D6314A28-BA45-4FC2-B950-C4BFC2BAEC66}
	EndGlobalSection
EndGlobal
