
Microsoft Visual Studio Solution File, Format Version 12.00
# Visual Studio Version 17
VisualStudioVersion = 17.0.31903.59
MinimumVisualStudioVersion = 10.0.40219.1
Project("{FAE04EC0-301F-11D3-BF4B-00C04F79EFBC}") = "OPP_BT4", "OPP_BT4\OPP_BT4.csproj", "{CAB0B6DD-8AE7-4FDF-9B62-6721BB310830}"
EndProject
Global
	GlobalSection(SolutionConfigurationPlatforms) = preSolution
		Debug|Any CPU = Debug|Any CPU
		Release|Any CPU = Release|Any CPU
	EndGlobalSection
	GlobalSection(ProjectConfigurationPlatforms) = postSolution
		{CAB0B6DD-8AE7-4FDF-9B62-6721BB310830}.Debug|Any CPU.ActiveCfg = Debug|Any CPU
		{CAB0B6DD-8AE7-4FDF-9B62-6721BB310830}.Debug|Any CPU.Build.0 = Debug|Any CPU
		{CAB0B6DD-8AE7-4FDF-9B62-6721BB310830}.Release|Any CPU.ActiveCfg = Release|Any CPU
		{CAB0B6DD-8AE7-4FDF-9B62-6721BB310830}.Release|Any CPU.Build.0 = Release|Any CPU
	EndGlobalSection
	GlobalSection(SolutionProperties) = preSolution
		HideSolutionNode = FALSE
	EndGlobalSection
	GlobalSection(ExtensibilityGlobals) = postSolution
		SolutionGuid = {01FB9588-A093-4F33-9B81-5C758800C22D}
	EndGlobalSection
EndGlobal
